
Microsoft Visual Studio Solution File, Format Version 12.00
# Visual Studio 15
VisualStudioVersion = 15.0.28307.1145
MinimumVisualStudioVersion = 10.0.40219.1
Project("{FAE04EC0-301F-11D3-BF4B-00C04F79EFBC}") = "saper", "saper\saper.csproj", "{509217D9-C8D2-4FBC-8C0A-1C013BA0EA69}"
EndProject
Global
	GlobalSection(SolutionConfigurationPlatforms) = preSolution
		Debug|Any CPU = Debug|Any CPU
		Release|Any CPU = Release|Any CPU
	EndGlobalSection
	GlobalSection(ProjectConfigurationPlatforms) = postSolution
		{509217D9-C8D2-4FBC-8C0A-1C013BA0EA69}.Debug|Any CPU.ActiveCfg = Debug|Any CPU
		{509217D9-C8D2-4FBC-8C0A-1C013BA0EA69}.Debug|Any CPU.Build.0 = Debug|Any CPU
		{509217D9-C8D2-4FBC-8C0A-1C013BA0EA69}.Release|Any CPU.ActiveCfg = Release|Any CPU
		{509217D9-C8D2-4FBC-8C0A-1C013BA0EA69}.Release|Any CPU.Build.0 = Release|Any CPU
	EndGlobalSection
	GlobalSection(SolutionProperties) = preSolution
		HideSolutionNode = FALSE
	EndGlobalSection
	GlobalSection(ExtensibilityGlobals) = postSolution
		SolutionGuid = {184F0990-40B5-42FD-B0D1-0B33D223E2E4}
	EndGlobalSection
EndGlobal
