
Microsoft Visual Studio Solution File, Format Version 12.00
# Visual Studio Version 16
VisualStudioVersion = 16.0.28803.202
MinimumVisualStudioVersion = 10.0.40219.1
Project("{FAE04EC0-301F-11D3-BF4B-00C04F79EFBC}") = "lab 4 cs", "lab 4 cs\lab 4 cs.csproj", "{39E2513A-F084-4DF7-8CD0-52520D21C613}"
EndProject
Global
	GlobalSection(SolutionConfigurationPlatforms) = preSolution
		Debug|Any CPU = Debug|Any CPU
		Release|Any CPU = Release|Any CPU
	EndGlobalSection
	GlobalSection(ProjectConfigurationPlatforms) = postSolution
		{39E2513A-F084-4DF7-8CD0-52520D21C613}.Debug|Any CPU.ActiveCfg = Debug|Any CPU
		{39E2513A-F084-4DF7-8CD0-52520D21C613}.Debug|Any CPU.Build.0 = Debug|Any CPU
		{39E2513A-F084-4DF7-8CD0-52520D21C613}.Release|Any CPU.ActiveCfg = Release|Any CPU
		{39E2513A-F084-4DF7-8CD0-52520D21C613}.Release|Any CPU.Build.0 = Release|Any CPU
	EndGlobalSection
	GlobalSection(SolutionProperties) = preSolution
		HideSolutionNode = FALSE
	EndGlobalSection
	GlobalSection(ExtensibilityGlobals) = postSolution
		SolutionGuid = {2911E5D8-3C02-48C5-813E-B92B6C71E139}
	EndGlobalSection
EndGlobal
